PODS:
  - AACarousel (1.1.1)
  - PryntTrimmerView (4.0.2)
  - SteviaLayout (4.7.3)
  - YPImagePicker (5.2.1):
    - PryntTrimmerView (= 4.0.2)
    - SteviaLayout (= 4.7.3)

DEPENDENCIES:
  - AACarousel
  - YPImagePicker

SPEC REPOS:
  trunk:
    - AACarousel
    - PryntTrimmerView
    - SteviaLayout
    - YPImagePicker

SPEC CHECKSUMS:
  AACarousel: e0dbd2d3153c56c36df8aa282553f20fc88e132b
  PryntTrimmerView: 6a43cc90df5d99addeabd33d4ba09b1365322130
  SteviaLayout: c2ecdcff57d44e38fd2f65e54ad52aeae28ca0c4
  YPImagePicker: f36043210c10b0783034eb1947d6e06e31c461e4

PODFILE CHECKSUM: 6bd8ab80e768562150524add2ae4a8476b21e53d

COCOAPODS: 1.11.2
